
Microsoft Visual Studio Solution File, Format Version 12.00
# Visual Studio Version 17
VisualStudioVersion = 17.0.31903.59
MinimumVisualStudioVersion = 10.0.40219.1
Project("{2150E333-8FDC-42A3-9474-1A3956D46DE8}") = "2023", "2023", "{549803CA-358B-4C34-9147-10810A860B95}"
EndProject
Project("{2150E333-8FDC-42A3-9474-1A3956D46DE8}") = "01", "01", "{E25D3FAC-C476-41D0-8F02-C09760602D12}"
EndProject
Project("{FAE04EC0-301F-11D3-BF4B-00C04F79EFBC}") = "Trebuchet", "2023\01\cs\Trebuchet.csproj", "{DAA33D06-2C12-442A-9EC3-A3E916CA34C2}"
EndProject
Project("{2150E333-8FDC-42A3-9474-1A3956D46DE8}") = "02", "02", "{012D691F-74F7-4789-8DE8-144A0B197DF9}"
EndProject
Project("{FAE04EC0-301F-11D3-BF4B-00C04F79EFBC}") = "Cube Conundrum", "2023\02\cs\Cube Conundrum.csproj", "{B58913FA-43D7-487E-B9E5-795FD4B268E4}"
EndProject
Project("{2150E333-8FDC-42A3-9474-1A3956D46DE8}") = "2024", "2024", "{AA731F2A-D046-448A-8800-20FE382C5CDF}"
EndProject
Project("{2150E333-8FDC-42A3-9474-1A3956D46DE8}") = "01", "01", "{E33A4F34-2AAE-4659-A1A8-7015430676BC}"
EndProject
Project("{FAE04EC0-301F-11D3-BF4B-00C04F79EFBC}") = "Historian Hysteria", "2024\01\cs\Historian Hysteria.csproj", "{B25788C2-481A-49B6-9245-E9EEA1DCBF1D}"
EndProject
Project("{2150E333-8FDC-42A3-9474-1A3956D46DE8}") = "2022", "2022", "{CFF24964-F41D-4A4F-BD0C-B1F156773EB4}"
EndProject
Project("{2150E333-8FDC-42A3-9474-1A3956D46DE8}") = "04", "04", "{DECE9E41-3AF6-4F6C-86E9-A10B5AFCF169}"
EndProject
Project("{FAE04EC0-301F-11D3-BF4B-00C04F79EFBC}") = "CampCleanup", "2022\04\cs\CampCleanup.csproj", "{E714AC06-11EE-4126-A2B3-06F3F2FD2AA3}"
EndProject
Project("{2150E333-8FDC-42A3-9474-1A3956D46DE8}") = "07", "07", "{63F5C1AC-8234-4079-92D8-7A270F0DCC40}"
EndProject
Project("{FAE04EC0-301F-11D3-BF4B-00C04F79EFBC}") = "NoSpaceLeftOnDevice", "2022\07\cs\NoSpaceLeftOnDevice.csproj", "{45A1A083-487D-4797-B3E6-304BE6C9EA4D}"
EndProject
Project("{2150E333-8FDC-42A3-9474-1A3956D46DE8}") = "13", "13", "{B8DF96DB-0AE3-4C0A-9FB3-26940FF76DFD}"
EndProject
Project("{FAE04EC0-301F-11D3-BF4B-00C04F79EFBC}") = "DistressSignal", "2022\13\cs\DistressSignal.csproj", "{546018E1-72EB-4840-B2CB-080EE34C8E96}"
EndProject
Project("{2150E333-8FDC-42A3-9474-1A3956D46DE8}") = "08", "08", "{2FACC83D-06A3-4E45-B6A5-1537ECE93425}"
EndProject
Project("{FAE04EC0-301F-11D3-BF4B-00C04F79EFBC}") = "TreetopTreeHouse", "2022\08\cs\TreetopTreeHouse.csproj", "{61FB7CF8-6D4A-4B27-810D-B79A515FEB1E}"
EndProject
Project("{2150E333-8FDC-42A3-9474-1A3956D46DE8}") = "06", "06", "{7E796A6C-FB27-4CE9-B2E4-A733B2EEECE2}"
EndProject
Project("{FAE04EC0-301F-11D3-BF4B-00C04F79EFBC}") = "TuningTrouble", "2022\06\cs\TuningTrouble.csproj", "{DE701024-6A69-4CC6-9B35-B37054DA9224}"
EndProject
Project("{2150E333-8FDC-42A3-9474-1A3956D46DE8}") = "10", "10", "{452E697E-08AB-42E7-9FDF-427BE6D9CB93}"
EndProject
Project("{FAE04EC0-301F-11D3-BF4B-00C04F79EFBC}") = "CathodeRayTube", "2022\10\cs\CathodeRayTube.csproj", "{BBC8862D-7A8E-4FBD-898B-AA040B76B4BD}"
EndProject
Project("{2150E333-8FDC-42A3-9474-1A3956D46DE8}") = "11", "11", "{40D33694-F2B5-4DC5-A0C9-3BA7EC11C311}"
EndProject
Project("{FAE04EC0-301F-11D3-BF4B-00C04F79EFBC}") = "MonkeyInTheMiddle", "2022\11\cs\MonkeyInTheMiddle.csproj", "{CC8DAD41-826B-4E12-8D4D-3FAA6EDACFCA}"
EndProject
Project("{2150E333-8FDC-42A3-9474-1A3956D46DE8}") = "01", "01", "{C671969E-237D-42D9-9D6C-66421D4A51DE}"
EndProject
Project("{FAE04EC0-301F-11D3-BF4B-00C04F79EFBC}") = "calorie-counting", "2022\01\cs\calorie-counting.csproj", "{43DDDDB3-18AA-4B31-924D-E1B1FF189B46}"
EndProject
Project("{2150E333-8FDC-42A3-9474-1A3956D46DE8}") = "12", "12", "{18BEAE44-B67F-460B-855A-AE81C928C9B9}"
EndProject
Project("{FAE04EC0-301F-11D3-BF4B-00C04F79EFBC}") = "HillClimbingAlgorithm", "2022\12\cs\HillClimbingAlgorithm.csproj", "{38C639C1-0455-4695-8860-EB963BB40541}"
EndProject
Project("{2150E333-8FDC-42A3-9474-1A3956D46DE8}") = "02", "02", "{6ED88A1D-8B07-45CB-B1F9-379CD9CC3588}"
EndProject
Project("{FAE04EC0-301F-11D3-BF4B-00C04F79EFBC}") = "RockPaperScissors", "2022\02\cs\RockPaperScissors.csproj", "{2290F4D7-91E4-4E99-98D8-FE87458886DD}"
EndProject
Project("{2150E333-8FDC-42A3-9474-1A3956D46DE8}") = "03", "03", "{6840F46B-9378-40BD-A02B-DD011D96D85F}"
EndProject
Project("{FAE04EC0-301F-11D3-BF4B-00C04F79EFBC}") = "RucksackReorganization", "2022\03\cs\RucksackReorganization.csproj", "{CE3D9370-3ACE-4CFD-A19C-965663DB2F30}"
EndProject
Project("{2150E333-8FDC-42A3-9474-1A3956D46DE8}") = "05", "05", "{5D608EB2-FC44-4066-8F9B-6088F91B3AF5}"
EndProject
Project("{FAE04EC0-301F-11D3-BF4B-00C04F79EFBC}") = "SupplyStacks", "2022\05\cs\SupplyStacks.csproj", "{A79F79A3-522D-40C2-8AE1-E10A305A7ECE}"
EndProject
Project("{2150E333-8FDC-42A3-9474-1A3956D46DE8}") = "09", "09", "{10741A72-7D01-4D9C-943F-0DAA5E95BE40}"
EndProject
Project("{FAE04EC0-301F-11D3-BF4B-00C04F79EFBC}") = "RopeBridge", "2022\09\cs\RopeBridge.csproj", "{ED51A10D-ABE8-4E8C-97B5-E0A7D63F1ED1}"
EndProject
Project("{2150E333-8FDC-42A3-9474-1A3956D46DE8}") = "14", "14", "{94A1135D-3D6C-4FE6-946B-4B8CA27001C0}"
EndProject
Project("{FAE04EC0-301F-11D3-BF4B-00C04F79EFBC}") = "RegolithReservoir", "2022\14\cs\RegolithReservoir.csproj", "{71CC52C9-F14D-4822-A4AD-D04A0B8E96E2}"
EndProject
Project("{2150E333-8FDC-42A3-9474-1A3956D46DE8}") = "2015", "2015", "{08DED772-25A0-4A6E-9A63-0C1AA91C2351}"
EndProject
Project("{2150E333-8FDC-42A3-9474-1A3956D46DE8}") = "04", "04", "{B7D52E23-3F67-4738-BCEE-F97B6565C333}"
EndProject
Project("{FAE04EC0-301F-11D3-BF4B-00C04F79EFBC}") = "TheIdealStockingStuffer", "2015\04\cs\TheIdealStockingStuffer.csproj", "{85201760-E12E-4DC9-A45C-1F56177046D8}"
EndProject
Project("{2150E333-8FDC-42A3-9474-1A3956D46DE8}") = "07", "07", "{7052AB15-9025-4C1D-82EC-A5694765F1C5}"
EndProject
Project("{FAE04EC0-301F-11D3-BF4B-00C04F79EFBC}") = "SomeAssemblyRequired", "2015\07\cs\SomeAssemblyRequired.csproj", "{C21F7227-9A1A-40F2-B477-96104AB017C0}"
EndProject
Project("{2150E333-8FDC-42A3-9474-1A3956D46DE8}") = "08", "08", "{FF5F4646-EE12-4F09-AE0D-549F06E6127A}"
EndProject
Project("{FAE04EC0-301F-11D3-BF4B-00C04F79EFBC}") = "Matchsticks", "2015\08\cs\Matchsticks.csproj", "{D32FF840-66FF-4592-A080-55B2E36859F6}"
EndProject
Project("{2150E333-8FDC-42A3-9474-1A3956D46DE8}") = "06", "06", "{8518EA4F-D030-4F18-A377-28C4D5D733D2}"
EndProject
Project("{FAE04EC0-301F-11D3-BF4B-00C04F79EFBC}") = "ProbablyAFireHazard", "2015\06\cs\ProbablyAFireHazard.csproj", "{C6A6C835-7BDD-47C8-B8EA-88B8759344BE}"
EndProject
Project("{2150E333-8FDC-42A3-9474-1A3956D46DE8}") = "10", "10", "{9D0363F8-CF5B-4395-B505-26592652763B}"
EndProject
Project("{FAE04EC0-301F-11D3-BF4B-00C04F79EFBC}") = "ElvesLookElvesSay", "2015\10\cs\ElvesLookElvesSay.csproj", "{D22EF2C2-022D-4F98-A839-0B22EFC8A059}"
EndProject
Project("{2150E333-8FDC-42A3-9474-1A3956D46DE8}") = "11", "11", "{F82AAFF7-4931-440D-BC34-8803B5087FBA}"
EndProject
Project("{FAE04EC0-301F-11D3-BF4B-00C04F79EFBC}") = "CorporatePolicy", "2015\11\cs\CorporatePolicy.csproj", "{C18179DA-9D22-4F75-8C77-59C03F235831}"
EndProject
Project("{2150E333-8FDC-42A3-9474-1A3956D46DE8}") = "01", "01", "{EF3CABEB-7F19-443B-A389-43356DA700FC}"
EndProject
Project("{FAE04EC0-301F-11D3-BF4B-00C04F79EFBC}") = "NotQuiteLisp", "2015\01\cs\NotQuiteLisp.csproj", "{641A40E8-7954-4240-91EB-6448CCF064C4}"
EndProject
Project("{2150E333-8FDC-42A3-9474-1A3956D46DE8}") = "12", "12", "{1D841C6E-E2CB-40CF-B2C1-B8B74C82B007}"
EndProject
Project("{FAE04EC0-301F-11D3-BF4B-00C04F79EFBC}") = "JSAbacusFramework.io", "2015\12\cs\JSAbacusFramework.io.csproj", "{61BA3555-484F-425B-97BF-E855B2ABFBC4}"
EndProject
Project("{2150E333-8FDC-42A3-9474-1A3956D46DE8}") = "02", "02", "{EEC13A4E-3B10-4CE9-A99B-3717A1D03FD4}"
EndProject
Project("{FAE04EC0-301F-11D3-BF4B-00C04F79EFBC}") = "IWasToldThereWouldBeNoMath", "2015\02\cs\IWasToldThereWouldBeNoMath.csproj", "{A1F8CFF8-54FF-4CE5-8969-D0FE4756B2C4}"
EndProject
Project("{2150E333-8FDC-42A3-9474-1A3956D46DE8}") = "03", "03", "{C868B3E3-C76C-4C20-96A6-365007CDFA06}"
EndProject
Project("{FAE04EC0-301F-11D3-BF4B-00C04F79EFBC}") = "PerfectlySpericalHousesInAVacuum", "2015\03\cs\PerfectlySpericalHousesInAVacuum.csproj", "{56CEC8BE-AB60-49FE-912E-D8BA0042ECBF}"
EndProject
Project("{2150E333-8FDC-42A3-9474-1A3956D46DE8}") = "05", "05", "{61E2D0B5-9F3F-4AEE-B021-F0E280D82574}"
EndProject
Project("{FAE04EC0-301F-11D3-BF4B-00C04F79EFBC}") = "DoesntHeHaveIntern-ElvesForThis", "2015\05\cs\DoesntHeHaveIntern-ElvesForThis.csproj", "{3BC8A638-EEE9-4635-A7FA-058D3C6A9352}"
EndProject
Project("{2150E333-8FDC-42A3-9474-1A3956D46DE8}") = "09", "09", "{8B477CDE-DF71-4D4E-BFA6-1D56F0C6102F}"
EndProject
Project("{FAE04EC0-301F-11D3-BF4B-00C04F79EFBC}") = "AllInASingleNight", "2015\09\cs\AllInASingleNight.csproj", "{20761097-B4B0-43F4-BC69-EA49AF554C81}"
EndProject
Project("{2150E333-8FDC-42A3-9474-1A3956D46DE8}") = "02", "02", "{5B91ACF2-B5A9-45F5-9102-80348B2E0C48}"
EndProject
Project("{FAE04EC0-301F-11D3-BF4B-00C04F79EFBC}") = "Red-Nosed Reports", "2024\02\cs\Red-Nosed Reports.csproj", "{97432DAD-8D2D-4460-AE0F-E36F2AE0ECE0}"
EndProject
Project("{2150E333-8FDC-42A3-9474-1A3956D46DE8}") = "13", "13", "{1BBCAC42-58C5-47DC-8E76-70EE7E614DDD}"
EndProject
Project("{FAE04EC0-301F-11D3-BF4B-00C04F79EFBC}") = "Knights of the Dinner Table", "2015\13\cs\Knights of the Dinner Table.csproj", "{802EC12C-B53B-4DB1-8993-159A544FB318}"
EndProject
Global
	GlobalSection(SolutionConfigurationPlatforms) = preSolution
		Debug|Any CPU = Debug|Any CPU
		Release|Any CPU = Release|Any CPU
	EndGlobalSection
	GlobalSection(SolutionProperties) = preSolution
		HideSolutionNode = FALSE
	EndGlobalSection
	GlobalSection(ProjectConfigurationPlatforms) = postSolution
		{DAA33D06-2C12-442A-9EC3-A3E916CA34C2}.Debug|Any CPU.ActiveCfg = Debug|Any CPU
		{DAA33D06-2C12-442A-9EC3-A3E916CA34C2}.Debug|Any CPU.Build.0 = Debug|Any CPU
		{DAA33D06-2C12-442A-9EC3-A3E916CA34C2}.Release|Any CPU.ActiveCfg = Release|Any CPU
		{DAA33D06-2C12-442A-9EC3-A3E916CA34C2}.Release|Any CPU.Build.0 = Release|Any CPU
		{B58913FA-43D7-487E-B9E5-795FD4B268E4}.Debug|Any CPU.ActiveCfg = Debug|Any CPU
		{B58913FA-43D7-487E-B9E5-795FD4B268E4}.Debug|Any CPU.Build.0 = Debug|Any CPU
		{B58913FA-43D7-487E-B9E5-795FD4B268E4}.Release|Any CPU.ActiveCfg = Release|Any CPU
		{B58913FA-43D7-487E-B9E5-795FD4B268E4}.Release|Any CPU.Build.0 = Release|Any CPU
		{B25788C2-481A-49B6-9245-E9EEA1DCBF1D}.Debug|Any CPU.ActiveCfg = Debug|Any CPU
		{B25788C2-481A-49B6-9245-E9EEA1DCBF1D}.Debug|Any CPU.Build.0 = Debug|Any CPU
		{B25788C2-481A-49B6-9245-E9EEA1DCBF1D}.Release|Any CPU.ActiveCfg = Release|Any CPU
		{B25788C2-481A-49B6-9245-E9EEA1DCBF1D}.Release|Any CPU.Build.0 = Release|Any CPU
		{E714AC06-11EE-4126-A2B3-06F3F2FD2AA3}.Debug|Any CPU.ActiveCfg = Debug|Any CPU
		{E714AC06-11EE-4126-A2B3-06F3F2FD2AA3}.Debug|Any CPU.Build.0 = Debug|Any CPU
		{E714AC06-11EE-4126-A2B3-06F3F2FD2AA3}.Release|Any CPU.ActiveCfg = Release|Any CPU
		{E714AC06-11EE-4126-A2B3-06F3F2FD2AA3}.Release|Any CPU.Build.0 = Release|Any CPU
		{45A1A083-487D-4797-B3E6-304BE6C9EA4D}.Debug|Any CPU.ActiveCfg = Debug|Any CPU
		{45A1A083-487D-4797-B3E6-304BE6C9EA4D}.Debug|Any CPU.Build.0 = Debug|Any CPU
		{45A1A083-487D-4797-B3E6-304BE6C9EA4D}.Release|Any CPU.ActiveCfg = Release|Any CPU
		{45A1A083-487D-4797-B3E6-304BE6C9EA4D}.Release|Any CPU.Build.0 = Release|Any CPU
		{546018E1-72EB-4840-B2CB-080EE34C8E96}.Debug|Any CPU.ActiveCfg = Debug|Any CPU
		{546018E1-72EB-4840-B2CB-080EE34C8E96}.Debug|Any CPU.Build.0 = Debug|Any CPU
		{546018E1-72EB-4840-B2CB-080EE34C8E96}.Release|Any CPU.ActiveCfg = Release|Any CPU
		{546018E1-72EB-4840-B2CB-080EE34C8E96}.Release|Any CPU.Build.0 = Release|Any CPU
		{61FB7CF8-6D4A-4B27-810D-B79A515FEB1E}.Debug|Any CPU.ActiveCfg = Debug|Any CPU
		{61FB7CF8-6D4A-4B27-810D-B79A515FEB1E}.Debug|Any CPU.Build.0 = Debug|Any CPU
		{61FB7CF8-6D4A-4B27-810D-B79A515FEB1E}.Release|Any CPU.ActiveCfg = Release|Any CPU
		{61FB7CF8-6D4A-4B27-810D-B79A515FEB1E}.Release|Any CPU.Build.0 = Release|Any CPU
		{DE701024-6A69-4CC6-9B35-B37054DA9224}.Debug|Any CPU.ActiveCfg = Debug|Any CPU
		{DE701024-6A69-4CC6-9B35-B37054DA9224}.Debug|Any CPU.Build.0 = Debug|Any CPU
		{DE701024-6A69-4CC6-9B35-B37054DA9224}.Release|Any CPU.ActiveCfg = Release|Any CPU
		{DE701024-6A69-4CC6-9B35-B37054DA9224}.Release|Any CPU.Build.0 = Release|Any CPU
		{BBC8862D-7A8E-4FBD-898B-AA040B76B4BD}.Debug|Any CPU.ActiveCfg = Debug|Any CPU
		{BBC8862D-7A8E-4FBD-898B-AA040B76B4BD}.Debug|Any CPU.Build.0 = Debug|Any CPU
		{BBC8862D-7A8E-4FBD-898B-AA040B76B4BD}.Release|Any CPU.ActiveCfg = Release|Any CPU
		{BBC8862D-7A8E-4FBD-898B-AA040B76B4BD}.Release|Any CPU.Build.0 = Release|Any CPU
		{CC8DAD41-826B-4E12-8D4D-3FAA6EDACFCA}.Debug|Any CPU.ActiveCfg = Debug|Any CPU
		{CC8DAD41-826B-4E12-8D4D-3FAA6EDACFCA}.Debug|Any CPU.Build.0 = Debug|Any CPU
		{CC8DAD41-826B-4E12-8D4D-3FAA6EDACFCA}.Release|Any CPU.ActiveCfg = Release|Any CPU
		{CC8DAD41-826B-4E12-8D4D-3FAA6EDACFCA}.Release|Any CPU.Build.0 = Release|Any CPU
		{43DDDDB3-18AA-4B31-924D-E1B1FF189B46}.Debug|Any CPU.ActiveCfg = Debug|Any CPU
		{43DDDDB3-18AA-4B31-924D-E1B1FF189B46}.Debug|Any CPU.Build.0 = Debug|Any CPU
		{43DDDDB3-18AA-4B31-924D-E1B1FF189B46}.Release|Any CPU.ActiveCfg = Release|Any CPU
		{43DDDDB3-18AA-4B31-924D-E1B1FF189B46}.Release|Any CPU.Build.0 = Release|Any CPU
		{38C639C1-0455-4695-8860-EB963BB40541}.Debug|Any CPU.ActiveCfg = Debug|Any CPU
		{38C639C1-0455-4695-8860-EB963BB40541}.Debug|Any CPU.Build.0 = Debug|Any CPU
		{38C639C1-0455-4695-8860-EB963BB40541}.Release|Any CPU.ActiveCfg = Release|Any CPU
		{38C639C1-0455-4695-8860-EB963BB40541}.Release|Any CPU.Build.0 = Release|Any CPU
		{2290F4D7-91E4-4E99-98D8-FE87458886DD}.Debug|Any CPU.ActiveCfg = Debug|Any CPU
		{2290F4D7-91E4-4E99-98D8-FE87458886DD}.Debug|Any CPU.Build.0 = Debug|Any CPU
		{2290F4D7-91E4-4E99-98D8-FE87458886DD}.Release|Any CPU.ActiveCfg = Release|Any CPU
		{2290F4D7-91E4-4E99-98D8-FE87458886DD}.Release|Any CPU.Build.0 = Release|Any CPU
		{CE3D9370-3ACE-4CFD-A19C-965663DB2F30}.Debug|Any CPU.ActiveCfg = Debug|Any CPU
		{CE3D9370-3ACE-4CFD-A19C-965663DB2F30}.Debug|Any CPU.Build.0 = Debug|Any CPU
		{CE3D9370-3ACE-4CFD-A19C-965663DB2F30}.Release|Any CPU.ActiveCfg = Release|Any CPU
		{CE3D9370-3ACE-4CFD-A19C-965663DB2F30}.Release|Any CPU.Build.0 = Release|Any CPU
		{A79F79A3-522D-40C2-8AE1-E10A305A7ECE}.Debug|Any CPU.ActiveCfg = Debug|Any CPU
		{A79F79A3-522D-40C2-8AE1-E10A305A7ECE}.Debug|Any CPU.Build.0 = Debug|Any CPU
		{A79F79A3-522D-40C2-8AE1-E10A305A7ECE}.Release|Any CPU.ActiveCfg = Release|Any CPU
		{A79F79A3-522D-40C2-8AE1-E10A305A7ECE}.Release|Any CPU.Build.0 = Release|Any CPU
		{ED51A10D-ABE8-4E8C-97B5-E0A7D63F1ED1}.Debug|Any CPU.ActiveCfg = Debug|Any CPU
		{ED51A10D-ABE8-4E8C-97B5-E0A7D63F1ED1}.Debug|Any CPU.Build.0 = Debug|Any CPU
		{ED51A10D-ABE8-4E8C-97B5-E0A7D63F1ED1}.Release|Any CPU.ActiveCfg = Release|Any CPU
		{ED51A10D-ABE8-4E8C-97B5-E0A7D63F1ED1}.Release|Any CPU.Build.0 = Release|Any CPU
		{71CC52C9-F14D-4822-A4AD-D04A0B8E96E2}.Debug|Any CPU.ActiveCfg = Debug|Any CPU
		{71CC52C9-F14D-4822-A4AD-D04A0B8E96E2}.Debug|Any CPU.Build.0 = Debug|Any CPU
		{71CC52C9-F14D-4822-A4AD-D04A0B8E96E2}.Release|Any CPU.ActiveCfg = Release|Any CPU
		{71CC52C9-F14D-4822-A4AD-D04A0B8E96E2}.Release|Any CPU.Build.0 = Release|Any CPU
		{85201760-E12E-4DC9-A45C-1F56177046D8}.Debug|Any CPU.ActiveCfg = Debug|Any CPU
		{85201760-E12E-4DC9-A45C-1F56177046D8}.Debug|Any CPU.Build.0 = Debug|Any CPU
		{85201760-E12E-4DC9-A45C-1F56177046D8}.Release|Any CPU.ActiveCfg = Release|Any CPU
		{85201760-E12E-4DC9-A45C-1F56177046D8}.Release|Any CPU.Build.0 = Release|Any CPU
		{C21F7227-9A1A-40F2-B477-96104AB017C0}.Debug|Any CPU.ActiveCfg = Debug|Any CPU
		{C21F7227-9A1A-40F2-B477-96104AB017C0}.Debug|Any CPU.Build.0 = Debug|Any CPU
		{C21F7227-9A1A-40F2-B477-96104AB017C0}.Release|Any CPU.ActiveCfg = Release|Any CPU
		{C21F7227-9A1A-40F2-B477-96104AB017C0}.Release|Any CPU.Build.0 = Release|Any CPU
		{D32FF840-66FF-4592-A080-55B2E36859F6}.Debug|Any CPU.ActiveCfg = Debug|Any CPU
		{D32FF840-66FF-4592-A080-55B2E36859F6}.Debug|Any CPU.Build.0 = Debug|Any CPU
		{D32FF840-66FF-4592-A080-55B2E36859F6}.Release|Any CPU.ActiveCfg = Release|Any CPU
		{D32FF840-66FF-4592-A080-55B2E36859F6}.Release|Any CPU.Build.0 = Release|Any CPU
		{C6A6C835-7BDD-47C8-B8EA-88B8759344BE}.Debug|Any CPU.ActiveCfg = Debug|Any CPU
		{C6A6C835-7BDD-47C8-B8EA-88B8759344BE}.Debug|Any CPU.Build.0 = Debug|Any CPU
		{C6A6C835-7BDD-47C8-B8EA-88B8759344BE}.Release|Any CPU.ActiveCfg = Release|Any CPU
		{C6A6C835-7BDD-47C8-B8EA-88B8759344BE}.Release|Any CPU.Build.0 = Release|Any CPU
		{D22EF2C2-022D-4F98-A839-0B22EFC8A059}.Debug|Any CPU.ActiveCfg = Debug|Any CPU
		{D22EF2C2-022D-4F98-A839-0B22EFC8A059}.Debug|Any CPU.Build.0 = Debug|Any CPU
		{D22EF2C2-022D-4F98-A839-0B22EFC8A059}.Release|Any CPU.ActiveCfg = Release|Any CPU
		{D22EF2C2-022D-4F98-A839-0B22EFC8A059}.Release|Any CPU.Build.0 = Release|Any CPU
		{C18179DA-9D22-4F75-8C77-59C03F235831}.Debug|Any CPU.ActiveCfg = Debug|Any CPU
		{C18179DA-9D22-4F75-8C77-59C03F235831}.Debug|Any CPU.Build.0 = Debug|Any CPU
		{C18179DA-9D22-4F75-8C77-59C03F235831}.Release|Any CPU.ActiveCfg = Release|Any CPU
		{C18179DA-9D22-4F75-8C77-59C03F235831}.Release|Any CPU.Build.0 = Release|Any CPU
		{641A40E8-7954-4240-91EB-6448CCF064C4}.Debug|Any CPU.ActiveCfg = Debug|Any CPU
		{641A40E8-7954-4240-91EB-6448CCF064C4}.Debug|Any CPU.Build.0 = Debug|Any CPU
		{641A40E8-7954-4240-91EB-6448CCF064C4}.Release|Any CPU.ActiveCfg = Release|Any CPU
		{641A40E8-7954-4240-91EB-6448CCF064C4}.Release|Any CPU.Build.0 = Release|Any CPU
		{61BA3555-484F-425B-97BF-E855B2ABFBC4}.Debug|Any CPU.ActiveCfg = Debug|Any CPU
		{61BA3555-484F-425B-97BF-E855B2ABFBC4}.Debug|Any CPU.Build.0 = Debug|Any CPU
		{61BA3555-484F-425B-97BF-E855B2ABFBC4}.Release|Any CPU.ActiveCfg = Release|Any CPU
		{61BA3555-484F-425B-97BF-E855B2ABFBC4}.Release|Any CPU.Build.0 = Release|Any CPU
		{A1F8CFF8-54FF-4CE5-8969-D0FE4756B2C4}.Debug|Any CPU.ActiveCfg = Debug|Any CPU
		{A1F8CFF8-54FF-4CE5-8969-D0FE4756B2C4}.Debug|Any CPU.Build.0 = Debug|Any CPU
		{A1F8CFF8-54FF-4CE5-8969-D0FE4756B2C4}.Release|Any CPU.ActiveCfg = Release|Any CPU
		{A1F8CFF8-54FF-4CE5-8969-D0FE4756B2C4}.Release|Any CPU.Build.0 = Release|Any CPU
		{56CEC8BE-AB60-49FE-912E-D8BA0042ECBF}.Debug|Any CPU.ActiveCfg = Debug|Any CPU
		{56CEC8BE-AB60-49FE-912E-D8BA0042ECBF}.Debug|Any CPU.Build.0 = Debug|Any CPU
		{56CEC8BE-AB60-49FE-912E-D8BA0042ECBF}.Release|Any CPU.ActiveCfg = Release|Any CPU
		{56CEC8BE-AB60-49FE-912E-D8BA0042ECBF}.Release|Any CPU.Build.0 = Release|Any CPU
		{3BC8A638-EEE9-4635-A7FA-058D3C6A9352}.Debug|Any CPU.ActiveCfg = Debug|Any CPU
		{3BC8A638-EEE9-4635-A7FA-058D3C6A9352}.Debug|Any CPU.Build.0 = Debug|Any CPU
		{3BC8A638-EEE9-4635-A7FA-058D3C6A9352}.Release|Any CPU.ActiveCfg = Release|Any CPU
		{3BC8A638-EEE9-4635-A7FA-058D3C6A9352}.Release|Any CPU.Build.0 = Release|Any CPU
		{20761097-B4B0-43F4-BC69-EA49AF554C81}.Debug|Any CPU.ActiveCfg = Debug|Any CPU
		{20761097-B4B0-43F4-BC69-EA49AF554C81}.Debug|Any CPU.Build.0 = Debug|Any CPU
		{20761097-B4B0-43F4-BC69-EA49AF554C81}.Release|Any CPU.ActiveCfg = Release|Any CPU
		{20761097-B4B0-43F4-BC69-EA49AF554C81}.Release|Any CPU.Build.0 = Release|Any CPU
		{97432DAD-8D2D-4460-AE0F-E36F2AE0ECE0}.Debug|Any CPU.ActiveCfg = Debug|Any CPU
		{97432DAD-8D2D-4460-AE0F-E36F2AE0ECE0}.Debug|Any CPU.Build.0 = Debug|Any CPU
		{97432DAD-8D2D-4460-AE0F-E36F2AE0ECE0}.Release|Any CPU.ActiveCfg = Release|Any CPU
		{97432DAD-8D2D-4460-AE0F-E36F2AE0ECE0}.Release|Any CPU.Build.0 = Release|Any CPU
		{802EC12C-B53B-4DB1-8993-159A544FB318}.Debug|Any CPU.ActiveCfg = Debug|Any CPU
		{802EC12C-B53B-4DB1-8993-159A544FB318}.Debug|Any CPU.Build.0 = Debug|Any CPU
		{802EC12C-B53B-4DB1-8993-159A544FB318}.Release|Any CPU.ActiveCfg = Release|Any CPU
		{802EC12C-B53B-4DB1-8993-159A544FB318}.Release|Any CPU.Build.0 = Release|Any CPU
	EndGlobalSection
	GlobalSection(NestedProjects) = preSolution
		{E25D3FAC-C476-41D0-8F02-C09760602D12} = {549803CA-358B-4C34-9147-10810A860B95}
		{DAA33D06-2C12-442A-9EC3-A3E916CA34C2} = {E25D3FAC-C476-41D0-8F02-C09760602D12}
		{012D691F-74F7-4789-8DE8-144A0B197DF9} = {549803CA-358B-4C34-9147-10810A860B95}
		{B58913FA-43D7-487E-B9E5-795FD4B268E4} = {012D691F-74F7-4789-8DE8-144A0B197DF9}
		{E33A4F34-2AAE-4659-A1A8-7015430676BC} = {AA731F2A-D046-448A-8800-20FE382C5CDF}
		{B25788C2-481A-49B6-9245-E9EEA1DCBF1D} = {E33A4F34-2AAE-4659-A1A8-7015430676BC}
		{DECE9E41-3AF6-4F6C-86E9-A10B5AFCF169} = {CFF24964-F41D-4A4F-BD0C-B1F156773EB4}
		{E714AC06-11EE-4126-A2B3-06F3F2FD2AA3} = {DECE9E41-3AF6-4F6C-86E9-A10B5AFCF169}
		{63F5C1AC-8234-4079-92D8-7A270F0DCC40} = {CFF24964-F41D-4A4F-BD0C-B1F156773EB4}
		{45A1A083-487D-4797-B3E6-304BE6C9EA4D} = {63F5C1AC-8234-4079-92D8-7A270F0DCC40}
		{B8DF96DB-0AE3-4C0A-9FB3-26940FF76DFD} = {CFF24964-F41D-4A4F-BD0C-B1F156773EB4}
		{546018E1-72EB-4840-B2CB-080EE34C8E96} = {B8DF96DB-0AE3-4C0A-9FB3-26940FF76DFD}
		{2FACC83D-06A3-4E45-B6A5-1537ECE93425} = {CFF24964-F41D-4A4F-BD0C-B1F156773EB4}
		{61FB7CF8-6D4A-4B27-810D-B79A515FEB1E} = {2FACC83D-06A3-4E45-B6A5-1537ECE93425}
		{7E796A6C-FB27-4CE9-B2E4-A733B2EEECE2} = {CFF24964-F41D-4A4F-BD0C-B1F156773EB4}
		{DE701024-6A69-4CC6-9B35-B37054DA9224} = {7E796A6C-FB27-4CE9-B2E4-A733B2EEECE2}
		{452E697E-08AB-42E7-9FDF-427BE6D9CB93} = {CFF24964-F41D-4A4F-BD0C-B1F156773EB4}
		{BBC8862D-7A8E-4FBD-898B-AA040B76B4BD} = {452E697E-08AB-42E7-9FDF-427BE6D9CB93}
		{40D33694-F2B5-4DC5-A0C9-3BA7EC11C311} = {CFF24964-F41D-4A4F-BD0C-B1F156773EB4}
		{CC8DAD41-826B-4E12-8D4D-3FAA6EDACFCA} = {40D33694-F2B5-4DC5-A0C9-3BA7EC11C311}
		{C671969E-237D-42D9-9D6C-66421D4A51DE} = {CFF24964-F41D-4A4F-BD0C-B1F156773EB4}
		{43DDDDB3-18AA-4B31-924D-E1B1FF189B46} = {C671969E-237D-42D9-9D6C-66421D4A51DE}
		{18BEAE44-B67F-460B-855A-AE81C928C9B9} = {CFF24964-F41D-4A4F-BD0C-B1F156773EB4}
		{38C639C1-0455-4695-8860-EB963BB40541} = {18BEAE44-B67F-460B-855A-AE81C928C9B9}
		{6ED88A1D-8B07-45CB-B1F9-379CD9CC3588} = {CFF24964-F41D-4A4F-BD0C-B1F156773EB4}
		{2290F4D7-91E4-4E99-98D8-FE87458886DD} = {6ED88A1D-8B07-45CB-B1F9-379CD9CC3588}
		{6840F46B-9378-40BD-A02B-DD011D96D85F} = {CFF24964-F41D-4A4F-BD0C-B1F156773EB4}
		{CE3D9370-3ACE-4CFD-A19C-965663DB2F30} = {6840F46B-9378-40BD-A02B-DD011D96D85F}
		{5D608EB2-FC44-4066-8F9B-6088F91B3AF5} = {CFF24964-F41D-4A4F-BD0C-B1F156773EB4}
		{A79F79A3-522D-40C2-8AE1-E10A305A7ECE} = {5D608EB2-FC44-4066-8F9B-6088F91B3AF5}
		{10741A72-7D01-4D9C-943F-0DAA5E95BE40} = {CFF24964-F41D-4A4F-BD0C-B1F156773EB4}
		{ED51A10D-ABE8-4E8C-97B5-E0A7D63F1ED1} = {10741A72-7D01-4D9C-943F-0DAA5E95BE40}
		{94A1135D-3D6C-4FE6-946B-4B8CA27001C0} = {CFF24964-F41D-4A4F-BD0C-B1F156773EB4}
		{71CC52C9-F14D-4822-A4AD-D04A0B8E96E2} = {94A1135D-3D6C-4FE6-946B-4B8CA27001C0}
		{B7D52E23-3F67-4738-BCEE-F97B6565C333} = {08DED772-25A0-4A6E-9A63-0C1AA91C2351}
		{85201760-E12E-4DC9-A45C-1F56177046D8} = {B7D52E23-3F67-4738-BCEE-F97B6565C333}
		{7052AB15-9025-4C1D-82EC-A5694765F1C5} = {08DED772-25A0-4A6E-9A63-0C1AA91C2351}
		{C21F7227-9A1A-40F2-B477-96104AB017C0} = {7052AB15-9025-4C1D-82EC-A5694765F1C5}
		{FF5F4646-EE12-4F09-AE0D-549F06E6127A} = {08DED772-25A0-4A6E-9A63-0C1AA91C2351}
		{D32FF840-66FF-4592-A080-55B2E36859F6} = {FF5F4646-EE12-4F09-AE0D-549F06E6127A}
		{8518EA4F-D030-4F18-A377-28C4D5D733D2} = {08DED772-25A0-4A6E-9A63-0C1AA91C2351}
		{C6A6C835-7BDD-47C8-B8EA-88B8759344BE} = {8518EA4F-D030-4F18-A377-28C4D5D733D2}
		{9D0363F8-CF5B-4395-B505-26592652763B} = {08DED772-25A0-4A6E-9A63-0C1AA91C2351}
		{D22EF2C2-022D-4F98-A839-0B22EFC8A059} = {9D0363F8-CF5B-4395-B505-26592652763B}
		{F82AAFF7-4931-440D-BC34-8803B5087FBA} = {08DED772-25A0-4A6E-9A63-0C1AA91C2351}
		{C18179DA-9D22-4F75-8C77-59C03F235831} = {F82AAFF7-4931-440D-BC34-8803B5087FBA}
		{EF3CABEB-7F19-443B-A389-43356DA700FC} = {08DED772-25A0-4A6E-9A63-0C1AA91C2351}
		{641A40E8-7954-4240-91EB-6448CCF064C4} = {EF3CABEB-7F19-443B-A389-43356DA700FC}
		{1D841C6E-E2CB-40CF-B2C1-B8B74C82B007} = {08DED772-25A0-4A6E-9A63-0C1AA91C2351}
		{61BA3555-484F-425B-97BF-E855B2ABFBC4} = {1D841C6E-E2CB-40CF-B2C1-B8B74C82B007}
		{EEC13A4E-3B10-4CE9-A99B-3717A1D03FD4} = {08DED772-25A0-4A6E-9A63-0C1AA91C2351}
		{A1F8CFF8-54FF-4CE5-8969-D0FE4756B2C4} = {EEC13A4E-3B10-4CE9-A99B-3717A1D03FD4}
		{C868B3E3-C76C-4C20-96A6-365007CDFA06} = {08DED772-25A0-4A6E-9A63-0C1AA91C2351}
		{56CEC8BE-AB60-49FE-912E-D8BA0042ECBF} = {C868B3E3-C76C-4C20-96A6-365007CDFA06}
		{61E2D0B5-9F3F-4AEE-B021-F0E280D82574} = {08DED772-25A0-4A6E-9A63-0C1AA91C2351}
		{3BC8A638-EEE9-4635-A7FA-058D3C6A9352} = {61E2D0B5-9F3F-4AEE-B021-F0E280D82574}
		{8B477CDE-DF71-4D4E-BFA6-1D56F0C6102F} = {08DED772-25A0-4A6E-9A63-0C1AA91C2351}
		{20761097-B4B0-43F4-BC69-EA49AF554C81} = {8B477CDE-DF71-4D4E-BFA6-1D56F0C6102F}
		{5B91ACF2-B5A9-45F5-9102-80348B2E0C48} = {AA731F2A-D046-448A-8800-20FE382C5CDF}
		{97432DAD-8D2D-4460-AE0F-E36F2AE0ECE0} = {5B91ACF2-B5A9-45F5-9102-80348B2E0C48}
		{1BBCAC42-58C5-47DC-8E76-70EE7E614DDD} = {08DED772-25A0-4A6E-9A63-0C1AA91C2351}
		{802EC12C-B53B-4DB1-8993-159A544FB318} = {1BBCAC42-58C5-47DC-8E76-70EE7E614DDD}
	EndGlobalSection
EndGlobal
