
Microsoft Visual Studio Solution File, Format Version 12.00
# Visual Studio Version 17
VisualStudioVersion = 17.5.002.0
MinimumVisualStudioVersion = 10.0.40219.1
Project("{2150E333-8FDC-42A3-9474-1A3956D46DE8}") = "2015", "2015", "{DFA852C2-B83F-46FB-8391-C3BC5BDDCA83}"
EndProject
Project("{2150E333-8FDC-42A3-9474-1A3956D46DE8}") = "1", "1", "{6E88A4F4-57A6-4031-B4F2-CC634370D8B8}"
EndProject
Project("{9A19103F-16F7-4668-BE54-9A1E7A4F7556}") = "NotQuiteLisp", "2015\1\cs\NotQuiteLisp.csproj", "{2155FB62-C071-4231-9612-FD54D2C6D21E}"
EndProject
Project("{2150E333-8FDC-42A3-9474-1A3956D46DE8}") = "2", "2", "{CEDC2E89-E420-45D4-A550-7B7BDC4612A8}"
EndProject
Project("{9A19103F-16F7-4668-BE54-9A1E7A4F7556}") = "IWasToldThereWouldBeNoMath", "2015\2\cs\IWasToldThereWouldBeNoMath.csproj", "{B4DA3664-D61A-4CBC-A104-8026EDD3A05A}"
EndProject
Project("{2150E333-8FDC-42A3-9474-1A3956D46DE8}") = "3", "3", "{A5B8B1A0-9C04-43DB-AC23-7F25F812D8A3}"
EndProject
Project("{9A19103F-16F7-4668-BE54-9A1E7A4F7556}") = "PerfectlySpericalHousesInAVacuum", "2015\3\cs\PerfectlySpericalHousesInAVacuum.csproj", "{B285430F-78CD-4FFB-91BD-F0E27D09DC78}"
EndProject
Project("{2150E333-8FDC-42A3-9474-1A3956D46DE8}") = "2022", "2022", "{4F7D7863-D048-4A12-9F98-8DEB11963EC3}"
EndProject
Project("{2150E333-8FDC-42A3-9474-1A3956D46DE8}") = "14", "14", "{6F87152C-BD8A-48C2-9D05-347DBEEEA5D2}"
EndProject
Project("{9A19103F-16F7-4668-BE54-9A1E7A4F7556}") = "RegolithReservoir", "2022\14\cs\RegolithReservoir.csproj", "{15CB4E02-5D94-408C-B952-5A3DCD2D51FE}"
EndProject
Project("{2150E333-8FDC-42A3-9474-1A3956D46DE8}") = "9", "9", "{431D1AB4-71DB-4157-A814-4E7B443C46A0}"
EndProject
Project("{9A19103F-16F7-4668-BE54-9A1E7A4F7556}") = "RopeBridge", "2022\9\cs\RopeBridge.csproj", "{92765577-1138-4A4A-9ABA-A809E87AF619}"
EndProject
Project("{2150E333-8FDC-42A3-9474-1A3956D46DE8}") = "5", "5", "{358067F3-8E7B-440F-BE03-C2364946C05B}"
EndProject
Project("{9A19103F-16F7-4668-BE54-9A1E7A4F7556}") = "SupplyStacks", "2022\5\cs\SupplyStacks.csproj", "{F18D321E-1A9D-48E2-90F1-929417774595}"
EndProject
Project("{2150E333-8FDC-42A3-9474-1A3956D46DE8}") = "12", "12", "{22A3CF1F-C6EF-496A-ABF0-FC400C2692C8}"
EndProject
Project("{9A19103F-16F7-4668-BE54-9A1E7A4F7556}") = "HillClimbingAlgorithm", "2022\12\cs\HillClimbingAlgorithm.csproj", "{443C20D9-FA3C-4A70-BE00-7F4ED30C9BB9}"
EndProject
Project("{2150E333-8FDC-42A3-9474-1A3956D46DE8}") = "1", "1", "{8272F947-2D38-461A-957D-BC250DF12F9A}"
EndProject
Project("{9A19103F-16F7-4668-BE54-9A1E7A4F7556}") = "calorie-counting", "2022\1\cs\calorie-counting.csproj", "{7528FE8A-040D-4EFC-97E3-709A1CB53F5A}"
EndProject
Project("{2150E333-8FDC-42A3-9474-1A3956D46DE8}") = "2", "2", "{46D2A2B9-479D-4F16-A6D5-FFE93DE5982E}"
EndProject
Project("{9A19103F-16F7-4668-BE54-9A1E7A4F7556}") = "RockPaperScissors", "2022\2\cs\RockPaperScissors.csproj", "{BA63932E-142A-452B-89B3-7F30477EDF8A}"
EndProject
Project("{2150E333-8FDC-42A3-9474-1A3956D46DE8}") = "8", "8", "{BFABB74E-11CD-4DB5-A820-760BBE5B8D1E}"
EndProject
Project("{9A19103F-16F7-4668-BE54-9A1E7A4F7556}") = "TreetopTreeHouse", "2022\8\cs\TreetopTreeHouse.csproj", "{84DEAB90-777C-4149-B97F-4DFEEF257429}"
EndProject
Project("{2150E333-8FDC-42A3-9474-1A3956D46DE8}") = "6", "6", "{AAAB74A2-0B03-40A4-80DB-4B11D1B56200}"
EndProject
Project("{9A19103F-16F7-4668-BE54-9A1E7A4F7556}") = "TuningTrouble", "2022\6\cs\TuningTrouble.csproj", "{3C028812-E09F-461A-8483-D809C1D744A4}"
EndProject
Project("{2150E333-8FDC-42A3-9474-1A3956D46DE8}") = "10", "10", "{DF257993-68FF-466C-8D50-FE76DAD97422}"
EndProject
Project("{9A19103F-16F7-4668-BE54-9A1E7A4F7556}") = "CathodeRayTube", "2022\10\cs\CathodeRayTube.csproj", "{7EC6775B-7D57-432D-8C01-25A11D0AB75E}"
EndProject
Project("{2150E333-8FDC-42A3-9474-1A3956D46DE8}") = "3", "3", "{B21D8D51-5F8B-40E8-AAF6-A12AE5622289}"
EndProject
Project("{9A19103F-16F7-4668-BE54-9A1E7A4F7556}") = "RucksackReorganization", "2022\3\cs\RucksackReorganization.csproj", "{29305EE1-8865-4384-B658-F3F5BEA115A4}"
EndProject
Project("{2150E333-8FDC-42A3-9474-1A3956D46DE8}") = "7", "7", "{7EDE4006-60B5-4CDD-8667-9D0F76E43706}"
EndProject
Project("{9A19103F-16F7-4668-BE54-9A1E7A4F7556}") = "NoSpaceLeftOnDevice", "2022\7\cs\NoSpaceLeftOnDevice.csproj", "{A3211417-DFA9-477D-90AD-36D0119CE38E}"
EndProject
Project("{2150E333-8FDC-42A3-9474-1A3956D46DE8}") = "11", "11", "{6AFE7665-D8C2-4E79-9AD6-8899C1589AB1}"
EndProject
Project("{9A19103F-16F7-4668-BE54-9A1E7A4F7556}") = "MonkeyInTheMiddle", "2022\11\cs\MonkeyInTheMiddle.csproj", "{70A2A329-6E31-4F42-B597-82349B536B78}"
EndProject
Project("{2150E333-8FDC-42A3-9474-1A3956D46DE8}") = "13", "13", "{031C9D9F-988F-4F4F-8EDC-209723C456DF}"
EndProject
Project("{9A19103F-16F7-4668-BE54-9A1E7A4F7556}") = "DistressSignal", "2022\13\cs\DistressSignal.csproj", "{C78B46E2-3332-49FD-B855-65F90782FAB7}"
EndProject
Project("{2150E333-8FDC-42A3-9474-1A3956D46DE8}") = "4", "4", "{746CDB4B-EF0E-488C-A31D-490660C378AA}"
EndProject
Project("{9A19103F-16F7-4668-BE54-9A1E7A4F7556}") = "CampCleanup", "2022\4\cs\CampCleanup.csproj", "{668DF10E-D7A6-4676-8071-A248018C6BBA}"
EndProject
Project("{2150E333-8FDC-42A3-9474-1A3956D46DE8}") = "4", "4", "{C2D64243-C30F-41B7-872F-CE87DA1D01C4}"
EndProject
Project("{FAE04EC0-301F-11D3-BF4B-00C04F79EFBC}") = "TheIdealStockingStuffer", "2015\4\cs\TheIdealStockingStuffer.csproj", "{E732B3DF-6FEE-4531-AF9F-B7571AF87650}"
EndProject
Project("{2150E333-8FDC-42A3-9474-1A3956D46DE8}") = "5", "5", "{D420C0E2-36A1-45BD-BB8E-C0B0A49DA84B}"
EndProject
Project("{FAE04EC0-301F-11D3-BF4B-00C04F79EFBC}") = "DoesntHeHaveIntern-ElvesForThis", "2015\5\cs\DoesntHeHaveIntern-ElvesForThis.csproj", "{11311976-F538-4C96-BC57-4A8B305A2DE2}"
EndProject
Project("{2150E333-8FDC-42A3-9474-1A3956D46DE8}") = "6", "6", "{5FE51914-DB6C-4276-9DB6-BFE4B880B83A}"
EndProject
Project("{FAE04EC0-301F-11D3-BF4B-00C04F79EFBC}") = "ProbablyAFireHazard", "2015\6\cs\ProbablyAFireHazard.csproj", "{B43C04A6-1078-49B2-98E5-265E43A6AA16}"
EndProject
Project("{2150E333-8FDC-42A3-9474-1A3956D46DE8}") = "7", "7", "{98CA445A-F1A7-4C8A-BC73-C1BEF724186D}"
EndProject
Project("{FAE04EC0-301F-11D3-BF4B-00C04F79EFBC}") = "SomeAssemblyRequired", "2015\7\cs\SomeAssemblyRequired.csproj", "{FDC024ED-EADF-4872-BD73-1357455D8FD9}"
EndProject
Project("{2150E333-8FDC-42A3-9474-1A3956D46DE8}") = "2023", "2023", "{7170BA6B-82C1-4437-B5E9-6DFCDC56659A}"
EndProject
Project("{2150E333-8FDC-42A3-9474-1A3956D46DE8}") = "1", "1", "{08DBA9AA-C6AA-4347-B88E-E2B2DD8195F4}"
EndProject
Project("{FAE04EC0-301F-11D3-BF4B-00C04F79EFBC}") = "Trebuchet", "2023\1\cs\Trebuchet.csproj", "{0AB647C7-A27F-4B2F-9909-372EEE919CA4}"
EndProject
Global
	GlobalSection(SolutionConfigurationPlatforms) = preSolution
		Debug|Any CPU = Debug|Any CPU
		Release|Any CPU = Release|Any CPU
	EndGlobalSection
	GlobalSection(ProjectConfigurationPlatforms) = postSolution
		{2155FB62-C071-4231-9612-FD54D2C6D21E}.Debug|Any CPU.ActiveCfg = Debug|Any CPU
		{2155FB62-C071-4231-9612-FD54D2C6D21E}.Debug|Any CPU.Build.0 = Debug|Any CPU
		{2155FB62-C071-4231-9612-FD54D2C6D21E}.Release|Any CPU.ActiveCfg = Release|Any CPU
		{2155FB62-C071-4231-9612-FD54D2C6D21E}.Release|Any CPU.Build.0 = Release|Any CPU
		{B4DA3664-D61A-4CBC-A104-8026EDD3A05A}.Debug|Any CPU.ActiveCfg = Debug|Any CPU
		{B4DA3664-D61A-4CBC-A104-8026EDD3A05A}.Debug|Any CPU.Build.0 = Debug|Any CPU
		{B4DA3664-D61A-4CBC-A104-8026EDD3A05A}.Release|Any CPU.ActiveCfg = Release|Any CPU
		{B4DA3664-D61A-4CBC-A104-8026EDD3A05A}.Release|Any CPU.Build.0 = Release|Any CPU
		{B285430F-78CD-4FFB-91BD-F0E27D09DC78}.Debug|Any CPU.ActiveCfg = Debug|Any CPU
		{B285430F-78CD-4FFB-91BD-F0E27D09DC78}.Debug|Any CPU.Build.0 = Debug|Any CPU
		{B285430F-78CD-4FFB-91BD-F0E27D09DC78}.Release|Any CPU.ActiveCfg = Release|Any CPU
		{B285430F-78CD-4FFB-91BD-F0E27D09DC78}.Release|Any CPU.Build.0 = Release|Any CPU
		{15CB4E02-5D94-408C-B952-5A3DCD2D51FE}.Debug|Any CPU.ActiveCfg = Debug|Any CPU
		{15CB4E02-5D94-408C-B952-5A3DCD2D51FE}.Debug|Any CPU.Build.0 = Debug|Any CPU
		{15CB4E02-5D94-408C-B952-5A3DCD2D51FE}.Release|Any CPU.ActiveCfg = Release|Any CPU
		{15CB4E02-5D94-408C-B952-5A3DCD2D51FE}.Release|Any CPU.Build.0 = Release|Any CPU
		{92765577-1138-4A4A-9ABA-A809E87AF619}.Debug|Any CPU.ActiveCfg = Debug|Any CPU
		{92765577-1138-4A4A-9ABA-A809E87AF619}.Debug|Any CPU.Build.0 = Debug|Any CPU
		{92765577-1138-4A4A-9ABA-A809E87AF619}.Release|Any CPU.ActiveCfg = Release|Any CPU
		{92765577-1138-4A4A-9ABA-A809E87AF619}.Release|Any CPU.Build.0 = Release|Any CPU
		{F18D321E-1A9D-48E2-90F1-929417774595}.Debug|Any CPU.ActiveCfg = Debug|Any CPU
		{F18D321E-1A9D-48E2-90F1-929417774595}.Debug|Any CPU.Build.0 = Debug|Any CPU
		{F18D321E-1A9D-48E2-90F1-929417774595}.Release|Any CPU.ActiveCfg = Release|Any CPU
		{F18D321E-1A9D-48E2-90F1-929417774595}.Release|Any CPU.Build.0 = Release|Any CPU
		{443C20D9-FA3C-4A70-BE00-7F4ED30C9BB9}.Debug|Any CPU.ActiveCfg = Debug|Any CPU
		{443C20D9-FA3C-4A70-BE00-7F4ED30C9BB9}.Debug|Any CPU.Build.0 = Debug|Any CPU
		{443C20D9-FA3C-4A70-BE00-7F4ED30C9BB9}.Release|Any CPU.ActiveCfg = Release|Any CPU
		{443C20D9-FA3C-4A70-BE00-7F4ED30C9BB9}.Release|Any CPU.Build.0 = Release|Any CPU
		{7528FE8A-040D-4EFC-97E3-709A1CB53F5A}.Debug|Any CPU.ActiveCfg = Debug|Any CPU
		{7528FE8A-040D-4EFC-97E3-709A1CB53F5A}.Debug|Any CPU.Build.0 = Debug|Any CPU
		{7528FE8A-040D-4EFC-97E3-709A1CB53F5A}.Release|Any CPU.ActiveCfg = Release|Any CPU
		{7528FE8A-040D-4EFC-97E3-709A1CB53F5A}.Release|Any CPU.Build.0 = Release|Any CPU
		{BA63932E-142A-452B-89B3-7F30477EDF8A}.Debug|Any CPU.ActiveCfg = Debug|Any CPU
		{BA63932E-142A-452B-89B3-7F30477EDF8A}.Debug|Any CPU.Build.0 = Debug|Any CPU
		{BA63932E-142A-452B-89B3-7F30477EDF8A}.Release|Any CPU.ActiveCfg = Release|Any CPU
		{BA63932E-142A-452B-89B3-7F30477EDF8A}.Release|Any CPU.Build.0 = Release|Any CPU
		{84DEAB90-777C-4149-B97F-4DFEEF257429}.Debug|Any CPU.ActiveCfg = Debug|Any CPU
		{84DEAB90-777C-4149-B97F-4DFEEF257429}.Debug|Any CPU.Build.0 = Debug|Any CPU
		{84DEAB90-777C-4149-B97F-4DFEEF257429}.Release|Any CPU.ActiveCfg = Release|Any CPU
		{84DEAB90-777C-4149-B97F-4DFEEF257429}.Release|Any CPU.Build.0 = Release|Any CPU
		{3C028812-E09F-461A-8483-D809C1D744A4}.Debug|Any CPU.ActiveCfg = Debug|Any CPU
		{3C028812-E09F-461A-8483-D809C1D744A4}.Debug|Any CPU.Build.0 = Debug|Any CPU
		{3C028812-E09F-461A-8483-D809C1D744A4}.Release|Any CPU.ActiveCfg = Release|Any CPU
		{3C028812-E09F-461A-8483-D809C1D744A4}.Release|Any CPU.Build.0 = Release|Any CPU
		{7EC6775B-7D57-432D-8C01-25A11D0AB75E}.Debug|Any CPU.ActiveCfg = Debug|Any CPU
		{7EC6775B-7D57-432D-8C01-25A11D0AB75E}.Debug|Any CPU.Build.0 = Debug|Any CPU
		{7EC6775B-7D57-432D-8C01-25A11D0AB75E}.Release|Any CPU.ActiveCfg = Release|Any CPU
		{7EC6775B-7D57-432D-8C01-25A11D0AB75E}.Release|Any CPU.Build.0 = Release|Any CPU
		{29305EE1-8865-4384-B658-F3F5BEA115A4}.Debug|Any CPU.ActiveCfg = Debug|Any CPU
		{29305EE1-8865-4384-B658-F3F5BEA115A4}.Debug|Any CPU.Build.0 = Debug|Any CPU
		{29305EE1-8865-4384-B658-F3F5BEA115A4}.Release|Any CPU.ActiveCfg = Release|Any CPU
		{29305EE1-8865-4384-B658-F3F5BEA115A4}.Release|Any CPU.Build.0 = Release|Any CPU
		{A3211417-DFA9-477D-90AD-36D0119CE38E}.Debug|Any CPU.ActiveCfg = Debug|Any CPU
		{A3211417-DFA9-477D-90AD-36D0119CE38E}.Debug|Any CPU.Build.0 = Debug|Any CPU
		{A3211417-DFA9-477D-90AD-36D0119CE38E}.Release|Any CPU.ActiveCfg = Release|Any CPU
		{A3211417-DFA9-477D-90AD-36D0119CE38E}.Release|Any CPU.Build.0 = Release|Any CPU
		{70A2A329-6E31-4F42-B597-82349B536B78}.Debug|Any CPU.ActiveCfg = Debug|Any CPU
		{70A2A329-6E31-4F42-B597-82349B536B78}.Debug|Any CPU.Build.0 = Debug|Any CPU
		{70A2A329-6E31-4F42-B597-82349B536B78}.Release|Any CPU.ActiveCfg = Release|Any CPU
		{70A2A329-6E31-4F42-B597-82349B536B78}.Release|Any CPU.Build.0 = Release|Any CPU
		{C78B46E2-3332-49FD-B855-65F90782FAB7}.Debug|Any CPU.ActiveCfg = Debug|Any CPU
		{C78B46E2-3332-49FD-B855-65F90782FAB7}.Debug|Any CPU.Build.0 = Debug|Any CPU
		{C78B46E2-3332-49FD-B855-65F90782FAB7}.Release|Any CPU.ActiveCfg = Release|Any CPU
		{C78B46E2-3332-49FD-B855-65F90782FAB7}.Release|Any CPU.Build.0 = Release|Any CPU
		{668DF10E-D7A6-4676-8071-A248018C6BBA}.Debug|Any CPU.ActiveCfg = Debug|Any CPU
		{668DF10E-D7A6-4676-8071-A248018C6BBA}.Debug|Any CPU.Build.0 = Debug|Any CPU
		{668DF10E-D7A6-4676-8071-A248018C6BBA}.Release|Any CPU.ActiveCfg = Release|Any CPU
		{668DF10E-D7A6-4676-8071-A248018C6BBA}.Release|Any CPU.Build.0 = Release|Any CPU
		{E732B3DF-6FEE-4531-AF9F-B7571AF87650}.Debug|Any CPU.ActiveCfg = Debug|Any CPU
		{E732B3DF-6FEE-4531-AF9F-B7571AF87650}.Debug|Any CPU.Build.0 = Debug|Any CPU
		{E732B3DF-6FEE-4531-AF9F-B7571AF87650}.Release|Any CPU.ActiveCfg = Release|Any CPU
		{E732B3DF-6FEE-4531-AF9F-B7571AF87650}.Release|Any CPU.Build.0 = Release|Any CPU
		{11311976-F538-4C96-BC57-4A8B305A2DE2}.Debug|Any CPU.ActiveCfg = Debug|Any CPU
		{11311976-F538-4C96-BC57-4A8B305A2DE2}.Debug|Any CPU.Build.0 = Debug|Any CPU
		{11311976-F538-4C96-BC57-4A8B305A2DE2}.Release|Any CPU.ActiveCfg = Release|Any CPU
		{11311976-F538-4C96-BC57-4A8B305A2DE2}.Release|Any CPU.Build.0 = Release|Any CPU
		{B43C04A6-1078-49B2-98E5-265E43A6AA16}.Debug|Any CPU.ActiveCfg = Debug|Any CPU
		{B43C04A6-1078-49B2-98E5-265E43A6AA16}.Debug|Any CPU.Build.0 = Debug|Any CPU
		{B43C04A6-1078-49B2-98E5-265E43A6AA16}.Release|Any CPU.ActiveCfg = Release|Any CPU
		{B43C04A6-1078-49B2-98E5-265E43A6AA16}.Release|Any CPU.Build.0 = Release|Any CPU
		{FDC024ED-EADF-4872-BD73-1357455D8FD9}.Debug|Any CPU.ActiveCfg = Debug|Any CPU
		{FDC024ED-EADF-4872-BD73-1357455D8FD9}.Debug|Any CPU.Build.0 = Debug|Any CPU
		{FDC024ED-EADF-4872-BD73-1357455D8FD9}.Release|Any CPU.ActiveCfg = Release|Any CPU
		{FDC024ED-EADF-4872-BD73-1357455D8FD9}.Release|Any CPU.Build.0 = Release|Any CPU
		{0AB647C7-A27F-4B2F-9909-372EEE919CA4}.Debug|Any CPU.ActiveCfg = Debug|Any CPU
		{0AB647C7-A27F-4B2F-9909-372EEE919CA4}.Debug|Any CPU.Build.0 = Debug|Any CPU
		{0AB647C7-A27F-4B2F-9909-372EEE919CA4}.Release|Any CPU.ActiveCfg = Release|Any CPU
		{0AB647C7-A27F-4B2F-9909-372EEE919CA4}.Release|Any CPU.Build.0 = Release|Any CPU
	EndGlobalSection
	GlobalSection(SolutionProperties) = preSolution
		HideSolutionNode = FALSE
	EndGlobalSection
	GlobalSection(NestedProjects) = preSolution
		{6E88A4F4-57A6-4031-B4F2-CC634370D8B8} = {DFA852C2-B83F-46FB-8391-C3BC5BDDCA83}
		{2155FB62-C071-4231-9612-FD54D2C6D21E} = {6E88A4F4-57A6-4031-B4F2-CC634370D8B8}
		{CEDC2E89-E420-45D4-A550-7B7BDC4612A8} = {DFA852C2-B83F-46FB-8391-C3BC5BDDCA83}
		{B4DA3664-D61A-4CBC-A104-8026EDD3A05A} = {CEDC2E89-E420-45D4-A550-7B7BDC4612A8}
		{A5B8B1A0-9C04-43DB-AC23-7F25F812D8A3} = {DFA852C2-B83F-46FB-8391-C3BC5BDDCA83}
		{B285430F-78CD-4FFB-91BD-F0E27D09DC78} = {A5B8B1A0-9C04-43DB-AC23-7F25F812D8A3}
		{6F87152C-BD8A-48C2-9D05-347DBEEEA5D2} = {4F7D7863-D048-4A12-9F98-8DEB11963EC3}
		{15CB4E02-5D94-408C-B952-5A3DCD2D51FE} = {6F87152C-BD8A-48C2-9D05-347DBEEEA5D2}
		{431D1AB4-71DB-4157-A814-4E7B443C46A0} = {4F7D7863-D048-4A12-9F98-8DEB11963EC3}
		{92765577-1138-4A4A-9ABA-A809E87AF619} = {431D1AB4-71DB-4157-A814-4E7B443C46A0}
		{358067F3-8E7B-440F-BE03-C2364946C05B} = {4F7D7863-D048-4A12-9F98-8DEB11963EC3}
		{F18D321E-1A9D-48E2-90F1-929417774595} = {358067F3-8E7B-440F-BE03-C2364946C05B}
		{22A3CF1F-C6EF-496A-ABF0-FC400C2692C8} = {4F7D7863-D048-4A12-9F98-8DEB11963EC3}
		{443C20D9-FA3C-4A70-BE00-7F4ED30C9BB9} = {22A3CF1F-C6EF-496A-ABF0-FC400C2692C8}
		{8272F947-2D38-461A-957D-BC250DF12F9A} = {4F7D7863-D048-4A12-9F98-8DEB11963EC3}
		{7528FE8A-040D-4EFC-97E3-709A1CB53F5A} = {8272F947-2D38-461A-957D-BC250DF12F9A}
		{46D2A2B9-479D-4F16-A6D5-FFE93DE5982E} = {4F7D7863-D048-4A12-9F98-8DEB11963EC3}
		{BA63932E-142A-452B-89B3-7F30477EDF8A} = {46D2A2B9-479D-4F16-A6D5-FFE93DE5982E}
		{BFABB74E-11CD-4DB5-A820-760BBE5B8D1E} = {4F7D7863-D048-4A12-9F98-8DEB11963EC3}
		{84DEAB90-777C-4149-B97F-4DFEEF257429} = {BFABB74E-11CD-4DB5-A820-760BBE5B8D1E}
		{AAAB74A2-0B03-40A4-80DB-4B11D1B56200} = {4F7D7863-D048-4A12-9F98-8DEB11963EC3}
		{3C028812-E09F-461A-8483-D809C1D744A4} = {AAAB74A2-0B03-40A4-80DB-4B11D1B56200}
		{DF257993-68FF-466C-8D50-FE76DAD97422} = {4F7D7863-D048-4A12-9F98-8DEB11963EC3}
		{7EC6775B-7D57-432D-8C01-25A11D0AB75E} = {DF257993-68FF-466C-8D50-FE76DAD97422}
		{B21D8D51-5F8B-40E8-AAF6-A12AE5622289} = {4F7D7863-D048-4A12-9F98-8DEB11963EC3}
		{29305EE1-8865-4384-B658-F3F5BEA115A4} = {B21D8D51-5F8B-40E8-AAF6-A12AE5622289}
		{7EDE4006-60B5-4CDD-8667-9D0F76E43706} = {4F7D7863-D048-4A12-9F98-8DEB11963EC3}
		{A3211417-DFA9-477D-90AD-36D0119CE38E} = {7EDE4006-60B5-4CDD-8667-9D0F76E43706}
		{6AFE7665-D8C2-4E79-9AD6-8899C1589AB1} = {4F7D7863-D048-4A12-9F98-8DEB11963EC3}
		{70A2A329-6E31-4F42-B597-82349B536B78} = {6AFE7665-D8C2-4E79-9AD6-8899C1589AB1}
		{031C9D9F-988F-4F4F-8EDC-209723C456DF} = {4F7D7863-D048-4A12-9F98-8DEB11963EC3}
		{C78B46E2-3332-49FD-B855-65F90782FAB7} = {031C9D9F-988F-4F4F-8EDC-209723C456DF}
		{746CDB4B-EF0E-488C-A31D-490660C378AA} = {4F7D7863-D048-4A12-9F98-8DEB11963EC3}
		{668DF10E-D7A6-4676-8071-A248018C6BBA} = {746CDB4B-EF0E-488C-A31D-490660C378AA}
		{C2D64243-C30F-41B7-872F-CE87DA1D01C4} = {DFA852C2-B83F-46FB-8391-C3BC5BDDCA83}
		{E732B3DF-6FEE-4531-AF9F-B7571AF87650} = {C2D64243-C30F-41B7-872F-CE87DA1D01C4}
		{D420C0E2-36A1-45BD-BB8E-C0B0A49DA84B} = {DFA852C2-B83F-46FB-8391-C3BC5BDDCA83}
		{11311976-F538-4C96-BC57-4A8B305A2DE2} = {D420C0E2-36A1-45BD-BB8E-C0B0A49DA84B}
		{5FE51914-DB6C-4276-9DB6-BFE4B880B83A} = {DFA852C2-B83F-46FB-8391-C3BC5BDDCA83}
		{B43C04A6-1078-49B2-98E5-265E43A6AA16} = {5FE51914-DB6C-4276-9DB6-BFE4B880B83A}
		{98CA445A-F1A7-4C8A-BC73-C1BEF724186D} = {DFA852C2-B83F-46FB-8391-C3BC5BDDCA83}
		{FDC024ED-EADF-4872-BD73-1357455D8FD9} = {98CA445A-F1A7-4C8A-BC73-C1BEF724186D}
		{08DBA9AA-C6AA-4347-B88E-E2B2DD8195F4} = {7170BA6B-82C1-4437-B5E9-6DFCDC56659A}
		{0AB647C7-A27F-4B2F-9909-372EEE919CA4} = {08DBA9AA-C6AA-4347-B88E-E2B2DD8195F4}
	EndGlobalSection
	GlobalSection(ExtensibilityGlobals) = postSolution
		SolutionGuid = {215D4026-AA19-4D52-AC9E-1149A7933509}
	EndGlobalSection
EndGlobal
